<?xml version="1.0" encoding="utf-8"?>
<Project ToolsVersion="4.0" xmlns="http://schemas.microsoft.com/developer/msbuild/2003">
  <ItemGroup>
    <Filter Include="Source Files">
      <UniqueIdentifier>{4FC737F1-C7A5-4376-A066-2A32D752A2FF}</UniqueIdentifier>
      <Extensions>cpp;c;cc;cxx;c++;cppm;ixx;def;odl;idl;hpj;bat;asm;asmx</Extensions>
    </Filter>
    <Filter Include="Header Files">
      <UniqueIdentifier>{93995380-89BD-4b04-88EB-625FBE52EBFB}</UniqueIdentifier>
      <Extensions>h;hh;hpp;hxx;h++;hm;inl;inc;ipp;xsd</Extensions>
    </Filter>
    <Filter Include="Resource Files">
      <UniqueIdentifier>{67DA6AB6-F800-4c08-8B7A-83BB121AAD01}</UniqueIdentifier>
      <Extensions>rc;ico;cur;bmp;dlg;rc2;rct;bin;rgs;gif;jpg;jpeg;jpe;resx;tiff;tif;png;wav;mfcribbon-ms</Extensions>
    </Filter>
  </ItemGroup>
  <ItemGroup>
    <ClInclude Include="src\defines.h">
      <Filter>Header Files</Filter>
    </ClInclude>
    <ClInclude Include="src\core\logger.h">
      <Filter>Header Files</Filter>
    </ClInclude>
    <ClInclude Include="src\core\asserts.h">
      <Filter>Header Files</Filter>
    </ClInclude>
    <ClInclude Include="src\platform\platform.h">
      <Filter>Header Files</Filter>
    </ClInclude>
    <ClInclude Include="src\core\application.h">
      <Filter>Header Files</Filter>
    </ClInclude>
    <ClInclude Include="src\entry.h">
      <Filter>Header Files</Filter>
    </ClInclude>
    <ClInclude Include="src\gameNeeds.h">
      <Filter>Header Files</Filter>
    </ClInclude>
    <ClInclude Include="src\core\ememory.h">
      <Filter>Header Files</Filter>
    </ClInclude>
    <ClInclude Include="testbed\src\game.h">
      <Filter>Header Files</Filter>
    </ClInclude>
    <ClInclude Include="src\core\event.h">
      <Filter>Header Files</Filter>
    </ClInclude>
    <ClInclude Include="src\containers\allo.h">
      <Filter>Header Files</Filter>
    </ClInclude>
    <ClInclude Include="src\containers\free list allo.h">
      <Filter>Header Files</Filter>
    </ClInclude>
    <ClInclude Include="src\containers\linearAllo.h">
      <Filter>Header Files</Filter>
    </ClInclude>
    <ClInclude Include="src\containers\stlAdaptor.h">
      <Filter>Header Files</Filter>
    </ClInclude>
    <ClInclude Include="src\core\clock.h">
      <Filter>Header Files</Filter>
    </ClInclude>
    <ClInclude Include="src\renderer\backend.h">
      <Filter>Header Files</Filter>
    </ClInclude>
    <ClInclude Include="src\renderer\frontend.h">
      <Filter>Header Files</Filter>
    </ClInclude>
    <ClInclude Include="src\renderer\Vulkan\vulkanBackend.h">
      <Filter>Header Files</Filter>
    </ClInclude>
    <ClInclude Include="src\renderer\Vulkan\vulkanPlatform.h">
      <Filter>Header Files</Filter>
    </ClInclude>
  </ItemGroup>
  <ItemGroup>
    <ClCompile Include="src\core\logger.cpp">
      <Filter>Source Files</Filter>
    </ClCompile>
    <ClCompile Include="src\platform\platform_win32.cpp">
      <Filter>Source Files</Filter>
    </ClCompile>
    <ClCompile Include="src\core\application.cpp">
      <Filter>Source Files</Filter>
    </ClCompile>
    <ClCompile Include="src\core\ememory.cpp">
      <Filter>Source Files</Filter>
    </ClCompile>
    <ClCompile Include="testbed\src\entry.cpp">
      <Filter>Source Files</Filter>
    </ClCompile>
    <ClCompile Include="testbed\src\game.cpp">
      <Filter>Source Files</Filter>
    </ClCompile>
    <ClCompile Include="src\core\event.cpp">
      <Filter>Source Files</Filter>
    </ClCompile>
    <ClCompile Include="src\containers\allo.cpp">
      <Filter>Source Files</Filter>
    </ClCompile>
    <ClCompile Include="src\containers\free list allo.cpp">
      <Filter>Source Files</Filter>
    </ClCompile>
    <ClCompile Include="src\containers\linearAllo.cpp">
      <Filter>Source Files</Filter>
    </ClCompile>
    <ClCompile Include="src\core\clock.cpp">
      <Filter>Source Files</Filter>
    </ClCompile>
    <ClCompile Include="src\renderer\frontend.cpp">
      <Filter>Source Files</Filter>
    </ClCompile>
    <ClCompile Include="src\renderer\backend.cpp">
      <Filter>Source Files</Filter>
    </ClCompile>
    <ClCompile Include="src\renderer\Vulkan\vulkanBackend.cpp">
      <Filter>Source Files</Filter>
    </ClCompile>
    <ClCompile Include="src\renderer\Vulkan\vulkanPlatform.cpp">
      <Filter>Source Files</Filter>
    </ClCompile>
  </ItemGroup>
  <ItemGroup>
    <None Include="src\renderer\renderer_types.inl">
      <Filter>Header Files</Filter>
    </None>
    <None Include="src\renderer\Vulkan\vulkan_types.inl">
      <Filter>Header Files</Filter>
    </None>
  </ItemGroup>
</Project>